
Microsoft Visual Studio Solution File, Format Version 12.00
# Visual Studio Version 17
VisualStudioVersion = 17.9.34622.214
MinimumVisualStudioVersion = 10.0.40219.1
Project("{9A19103F-16F7-4668-BE54-9A1E7A4F7556}") = "ArrayManagement_2", "ArrayManagement_2\ArrayManagement_2.csproj", "{15FE487F-1C9B-4C82-AEAF-15FDFA09D553}"
EndProject
Project("{9A19103F-16F7-4668-BE54-9A1E7A4F7556}") = "ArrayManagement_Console", "ArrayManagement_Console\ArrayManagement_Console.csproj", "{8453A25B-E579-4953-BEAA-82FEB63C114B}"
EndProject
Project("{FAE04EC0-301F-11D3-BF4B-00C04F79EFBC}") = "TestProject_ArraySorter", "TestProject_ArraySorter\TestProject_ArraySorter.csproj", "{59EAF2AE-1D0F-4B27-967D-02671C95B3D2}"
EndProject
Global
	GlobalSection(SolutionConfigurationPlatforms) = preSolution
		Debug|Any CPU = Debug|Any CPU
		Release|Any CPU = Release|Any CPU
	EndGlobalSection
	GlobalSection(ProjectConfigurationPlatforms) = postSolution
		{15FE487F-1C9B-4C82-AEAF-15FDFA09D553}.Debug|Any CPU.ActiveCfg = Debug|Any CPU
		{15FE487F-1C9B-4C82-AEAF-15FDFA09D553}.Debug|Any CPU.Build.0 = Debug|Any CPU
		{15FE487F-1C9B-4C82-AEAF-15FDFA09D553}.Release|Any CPU.ActiveCfg = Release|Any CPU
		{15FE487F-1C9B-4C82-AEAF-15FDFA09D553}.Release|Any CPU.Build.0 = Release|Any CPU
		{8453A25B-E579-4953-BEAA-82FEB63C114B}.Debug|Any CPU.ActiveCfg = Debug|Any CPU
		{8453A25B-E579-4953-BEAA-82FEB63C114B}.Debug|Any CPU.Build.0 = Debug|Any CPU
		{8453A25B-E579-4953-BEAA-82FEB63C114B}.Release|Any CPU.ActiveCfg = Release|Any CPU
		{8453A25B-E579-4953-BEAA-82FEB63C114B}.Release|Any CPU.Build.0 = Release|Any CPU
		{59EAF2AE-1D0F-4B27-967D-02671C95B3D2}.Debug|Any CPU.ActiveCfg = Debug|Any CPU
		{59EAF2AE-1D0F-4B27-967D-02671C95B3D2}.Debug|Any CPU.Build.0 = Debug|Any CPU
		{59EAF2AE-1D0F-4B27-967D-02671C95B3D2}.Release|Any CPU.ActiveCfg = Release|Any CPU
		{59EAF2AE-1D0F-4B27-967D-02671C95B3D2}.Release|Any CPU.Build.0 = Release|Any CPU
	EndGlobalSection
	GlobalSection(SolutionProperties) = preSolution
		HideSolutionNode = FALSE
	EndGlobalSection
	GlobalSection(ExtensibilityGlobals) = postSolution
		SolutionGuid = {B94259F1-44A3-4AB0-A414-ED94FBEF3428}
	EndGlobalSection
EndGlobal
